
Microsoft Visual Studio Solution File, Format Version 12.00
# Visual Studio Version 16
VisualStudioVersion = 16.0.29920.165
MinimumVisualStudioVersion = 10.0.40219.1
Project("{FAE04EC0-301F-11D3-BF4B-00C04F79EFBC}") = "date_function", "date_function\date_function.csproj", "{BF4F0059-4A63-47BF-AE61-E11E2A9B808F}"
EndProject
Project("{FAE04EC0-301F-11D3-BF4B-00C04F79EFBC}") = "cosmos_function", "cosmos_function\cosmos_function.csproj", "{13797058-261E-4387-BD39-676151CDCC7A}"
EndProject
Global
	GlobalSection(SolutionConfigurationPlatforms) = preSolution
		Debug|Any CPU = Debug|Any CPU
		Release|Any CPU = Release|Any CPU
	EndGlobalSection
	GlobalSection(ProjectConfigurationPlatforms) = postSolution
		{BF4F0059-4A63-47BF-AE61-E11E2A9B808F}.Debug|Any CPU.ActiveCfg = Debug|Any CPU
		{BF4F0059-4A63-47BF-AE61-E11E2A9B808F}.Debug|Any CPU.Build.0 = Debug|Any CPU
		{BF4F0059-4A63-47BF-AE61-E11E2A9B808F}.Release|Any CPU.ActiveCfg = Release|Any CPU
		{BF4F0059-4A63-47BF-AE61-E11E2A9B808F}.Release|Any CPU.Build.0 = Release|Any CPU
		{13797058-261E-4387-BD39-676151CDCC7A}.Debug|Any CPU.ActiveCfg = Debug|Any CPU
		{13797058-261E-4387-BD39-676151CDCC7A}.Debug|Any CPU.Build.0 = Debug|Any CPU
		{13797058-261E-4387-BD39-676151CDCC7A}.Release|Any CPU.ActiveCfg = Release|Any CPU
		{13797058-261E-4387-BD39-676151CDCC7A}.Release|Any CPU.Build.0 = Release|Any CPU
	EndGlobalSection
	GlobalSection(SolutionProperties) = preSolution
		HideSolutionNode = FALSE
	EndGlobalSection
	GlobalSection(ExtensibilityGlobals) = postSolution
		SolutionGuid = {369E3BD8-DF6E-419F-B3E6-E6EBF0E61390}
	EndGlobalSection
EndGlobal
